
Microsoft Visual Studio Solution File, Format Version 12.00
# Visual Studio Version 17
VisualStudioVersion = 17.7.34221.43
MinimumVisualStudioVersion = 10.0.40219.1
Project("{9A19103F-16F7-4668-BE54-9A1E7A4F7556}") = "Concatentation of String", "HelloWorld\Concatentation of String.csproj", "{1F43E520-A805-429A-A9BD-6FB11D99FB2A}"
EndProject
Project("{9A19103F-16F7-4668-BE54-9A1E7A4F7556}") = "HelloWorld2", "HelloWorld2\HelloWorld2.csproj", "{C959B2D0-A08E-4F27-9E57-C52426858E1B}"
EndProject
Project("{9A19103F-16F7-4668-BE54-9A1E7A4F7556}") = "HelloWorld3", "HelloWorld3\HelloWorld3.csproj", "{C5217561-EA2A-4ACD-893F-40FF13033076}"
EndProject
Project("{9A19103F-16F7-4668-BE54-9A1E7A4F7556}") = "TypeValidation", "TypeValidation\TypeValidation.csproj", "{DAF6AA8C-CEB5-4A0A-A98A-3F6AD356CA1A}"
EndProject
Project("{9A19103F-16F7-4668-BE54-9A1E7A4F7556}") = "AddNumberLibrary", "AddNumberLibrary\AddNumberLibrary.csproj", "{E73ED46A-4162-4DA5-8DEC-FA6BFBDD34D2}"
EndProject
Project("{9A19103F-16F7-4668-BE54-9A1E7A4F7556}") = "AddNumberConsole", "AddNumberConsole\AddNumberConsole.csproj", "{91433B8C-D47E-4628-8842-9BF10E165A98}"
EndProject
Project("{9A19103F-16F7-4668-BE54-9A1E7A4F7556}") = "EmployeeData", "EmployeeData\EmployeeData.csproj", "{0ACDC183-9404-41C4-BE98-42B64A8DEA7B}"
EndProject
Project("{9A19103F-16F7-4668-BE54-9A1E7A4F7556}") = "EnumDemo", "EnumDemo\EnumDemo.csproj", "{358108B0-75C8-4BB6-B2BB-15F2807C9581}"
EndProject
Project("{9A19103F-16F7-4668-BE54-9A1E7A4F7556}") = "DelegateDemo", "DelegateDemo\DelegateDemo.csproj", "{481C2424-B5E5-4690-BD55-75730194FEA6}"
EndProject
Project("{9A19103F-16F7-4668-BE54-9A1E7A4F7556}") = "IndexedDemo", "IndexedDemo\IndexedDemo.csproj", "{096EDF2E-BF28-4F19-879E-BFEF5D8601D9}"
EndProject
Project("{9A19103F-16F7-4668-BE54-9A1E7A4F7556}") = "InheritanceDemo", "InheritanceDemo\InheritanceDemo.csproj", "{4C250299-1972-4F16-8C93-525F65719EEE}"
EndProject
Project("{9A19103F-16F7-4668-BE54-9A1E7A4F7556}") = "ShapeDemo", "ShapeDemo\ShapeDemo.csproj", "{C8FD910F-B44C-457B-B02A-F612FC577A8F}"
EndProject
Project("{9A19103F-16F7-4668-BE54-9A1E7A4F7556}") = "ClassTypeDemo", "ClassTypeDemo\ClassTypeDemo.csproj", "{29ECCDC0-6980-400D-8F4E-EB2EC408C2C1}"
EndProject
Project("{9A19103F-16F7-4668-BE54-9A1E7A4F7556}") = "Fibonacci", "Fibonacci\Fibonacci.csproj", "{7C262C48-BF70-4900-92D8-112DEC285478}"
EndProject
Project("{9A19103F-16F7-4668-BE54-9A1E7A4F7556}") = "Odd or Even", "Odd or Even\Odd or Even.csproj", "{B20699AD-2FA1-4A80-BE61-BBAC66D13781}"
EndProject
Project("{9A19103F-16F7-4668-BE54-9A1E7A4F7556}") = "Primeornot", "Primeornot\Primeornot.csproj", "{AD81EC5A-1671-4816-800A-D3ADB53AB918}"
EndProject
Project("{9A19103F-16F7-4668-BE54-9A1E7A4F7556}") = "ComplexNumber", "ComplexNumber\ComplexNumber.csproj", "{C0C5C2EB-BD29-419C-B670-C40A6D12A09F}"
EndProject
Project("{9A19103F-16F7-4668-BE54-9A1E7A4F7556}") = "ComplexNumberDemo", "ComplexNumberDemo\ComplexNumberDemo.csproj", "{7CEA7C89-AA05-4FA9-83E7-E376207A3636}"
EndProject
Project("{9A19103F-16F7-4668-BE54-9A1E7A4F7556}") = "GenericsDemo", "GenericsDemo\GenericsDemo.csproj", "{F7D0BD08-8220-49CF-8617-ECB94135BC80}"
EndProject
Project("{9A19103F-16F7-4668-BE54-9A1E7A4F7556}") = "Generic", "Generic\Generic.csproj", "{8F90BBF2-754D-473D-8337-0A005532D75A}"
EndProject
Project("{9A19103F-16F7-4668-BE54-9A1E7A4F7556}") = "UserDefinedException", "UserDefinedException\UserDefinedException.csproj", "{05D896E3-5E77-4B57-B901-F75221902303}"
EndProject
Project("{9A19103F-16F7-4668-BE54-9A1E7A4F7556}") = "EventDemo", "EventDemo\EventDemo.csproj", "{C79F72F7-DAD6-442F-AD6C-3C1CEE83F567}"
EndProject
Project("{9A19103F-16F7-4668-BE54-9A1E7A4F7556}") = "HashTable", "HashTable\HashTable.csproj", "{C21A855D-FC8A-4CD3-92D5-0C3E668A7548}"
EndProject
Project("{9A19103F-16F7-4668-BE54-9A1E7A4F7556}") = "ListDemo", "ListDemo\ListDemo.csproj", "{8B560A01-B02F-41B9-AE8D-9EF3F895F76C}"
EndProject
Project("{9A19103F-16F7-4668-BE54-9A1E7A4F7556}") = "DictionaryforCurencyConversion", "DictionaryforCurencyConversion\DictionaryforCurencyConversion.csproj", "{80EC9434-F86B-4023-8B33-EE8A5E22700B}"
EndProject
Project("{9A19103F-16F7-4668-BE54-9A1E7A4F7556}") = "ConsoleApp1", "ConsoleApp1\ConsoleApp1.csproj", "{2870810D-3CE7-4148-9B53-B30444AE8534}"
EndProject
Project("{9A19103F-16F7-4668-BE54-9A1E7A4F7556}") = "CsharpFeatures", "CsharpFeatures\CsharpFeatures.csproj", "{036632F4-4DB1-4ECB-9ED8-9C04C541E618}"
EndProject
Project("{9A19103F-16F7-4668-BE54-9A1E7A4F7556}") = "Lanbda", "Lanbda\Lanbda.csproj", "{246B7449-276E-4840-8F0D-4CBFC1994415}"
EndProject
Project("{9A19103F-16F7-4668-BE54-9A1E7A4F7556}") = "LambdaDelegate", "LambdaDelegate\LambdaDelegate.csproj", "{73D94C62-A9EB-4FE9-A1EE-52A69435CE95}"
EndProject
Project("{9A19103F-16F7-4668-BE54-9A1E7A4F7556}") = "FileDemo", "FileDemo\FileDemo.csproj", "{5CBB5541-FC08-43E5-95F5-C39D56E63986}"
EndProject
Project("{9A19103F-16F7-4668-BE54-9A1E7A4F7556}") = "FileSystemWatcherDemo", "FileSystemWatcherDemo\FileSystemWatcherDemo.csproj", "{08E9E871-50EE-4277-A90B-0C891F766533}"
EndProject
Project("{9A19103F-16F7-4668-BE54-9A1E7A4F7556}") = "FileStreamDemo", "FileStreamDemo\FileStreamDemo.csproj", "{4826B9F7-3DAA-481C-8415-3E5820896E52}"
EndProject
Project("{FAE04EC0-301F-11D3-BF4B-00C04F79EFBC}") = "FileStream", "FileStream\FileStream.csproj", "{C7C4A1CD-C0AD-4226-B61C-AC54B6E88256}"
EndProject
Project("{FAE04EC0-301F-11D3-BF4B-00C04F79EFBC}") = "MethodParamDemo", "MethodParamDemo\MethodParamDemo.csproj", "{A547854F-E16D-4CB0-A4A7-EC15F28DCF98}"
EndProject
Project("{FAE04EC0-301F-11D3-BF4B-00C04F79EFBC}") = "OptionalandNamedParams", "OptionalandNamedParams\OptionalandNamedParams.csproj", "{6B70C986-9127-4E1D-9A3F-A3D42B3CE9BA}"
EndProject
Project("{FAE04EC0-301F-11D3-BF4B-00C04F79EFBC}") = "VarianceDemo", "VarianceDemo\VarianceDemo.csproj", "{FD5B6EB3-CDE0-4E95-B570-7A224BB99DB5}"
EndProject
Project("{FAE04EC0-301F-11D3-BF4B-00C04F79EFBC}") = "MutliThreading", "MutliThreading\MutliThreading.csproj", "{BAD50371-38CD-4E30-8127-F943CF69BCEC}"
EndProject
Global
	GlobalSection(SolutionConfigurationPlatforms) = preSolution
		Debug|Any CPU = Debug|Any CPU
		Release|Any CPU = Release|Any CPU
	EndGlobalSection
	GlobalSection(ProjectConfigurationPlatforms) = postSolution
		{1F43E520-A805-429A-A9BD-6FB11D99FB2A}.Debug|Any CPU.ActiveCfg = Debug|Any CPU
		{1F43E520-A805-429A-A9BD-6FB11D99FB2A}.Debug|Any CPU.Build.0 = Debug|Any CPU
		{1F43E520-A805-429A-A9BD-6FB11D99FB2A}.Release|Any CPU.ActiveCfg = Release|Any CPU
		{1F43E520-A805-429A-A9BD-6FB11D99FB2A}.Release|Any CPU.Build.0 = Release|Any CPU
		{C959B2D0-A08E-4F27-9E57-C52426858E1B}.Debug|Any CPU.ActiveCfg = Debug|Any CPU
		{C959B2D0-A08E-4F27-9E57-C52426858E1B}.Debug|Any CPU.Build.0 = Debug|Any CPU
		{C959B2D0-A08E-4F27-9E57-C52426858E1B}.Release|Any CPU.ActiveCfg = Release|Any CPU
		{C959B2D0-A08E-4F27-9E57-C52426858E1B}.Release|Any CPU.Build.0 = Release|Any CPU
		{C5217561-EA2A-4ACD-893F-40FF13033076}.Debug|Any CPU.ActiveCfg = Debug|Any CPU
		{C5217561-EA2A-4ACD-893F-40FF13033076}.Debug|Any CPU.Build.0 = Debug|Any CPU
		{C5217561-EA2A-4ACD-893F-40FF13033076}.Release|Any CPU.ActiveCfg = Release|Any CPU
		{C5217561-EA2A-4ACD-893F-40FF13033076}.Release|Any CPU.Build.0 = Release|Any CPU
		{DAF6AA8C-CEB5-4A0A-A98A-3F6AD356CA1A}.Debug|Any CPU.ActiveCfg = Debug|Any CPU
		{DAF6AA8C-CEB5-4A0A-A98A-3F6AD356CA1A}.Debug|Any CPU.Build.0 = Debug|Any CPU
		{DAF6AA8C-CEB5-4A0A-A98A-3F6AD356CA1A}.Release|Any CPU.ActiveCfg = Release|Any CPU
		{DAF6AA8C-CEB5-4A0A-A98A-3F6AD356CA1A}.Release|Any CPU.Build.0 = Release|Any CPU
		{E73ED46A-4162-4DA5-8DEC-FA6BFBDD34D2}.Debug|Any CPU.ActiveCfg = Debug|Any CPU
		{E73ED46A-4162-4DA5-8DEC-FA6BFBDD34D2}.Debug|Any CPU.Build.0 = Debug|Any CPU
		{E73ED46A-4162-4DA5-8DEC-FA6BFBDD34D2}.Release|Any CPU.ActiveCfg = Release|Any CPU
		{E73ED46A-4162-4DA5-8DEC-FA6BFBDD34D2}.Release|Any CPU.Build.0 = Release|Any CPU
		{91433B8C-D47E-4628-8842-9BF10E165A98}.Debug|Any CPU.ActiveCfg = Debug|Any CPU
		{91433B8C-D47E-4628-8842-9BF10E165A98}.Debug|Any CPU.Build.0 = Debug|Any CPU
		{91433B8C-D47E-4628-8842-9BF10E165A98}.Release|Any CPU.ActiveCfg = Release|Any CPU
		{91433B8C-D47E-4628-8842-9BF10E165A98}.Release|Any CPU.Build.0 = Release|Any CPU
		{0ACDC183-9404-41C4-BE98-42B64A8DEA7B}.Debug|Any CPU.ActiveCfg = Debug|Any CPU
		{0ACDC183-9404-41C4-BE98-42B64A8DEA7B}.Debug|Any CPU.Build.0 = Debug|Any CPU
		{0ACDC183-9404-41C4-BE98-42B64A8DEA7B}.Release|Any CPU.ActiveCfg = Release|Any CPU
		{0ACDC183-9404-41C4-BE98-42B64A8DEA7B}.Release|Any CPU.Build.0 = Release|Any CPU
		{358108B0-75C8-4BB6-B2BB-15F2807C9581}.Debug|Any CPU.ActiveCfg = Debug|Any CPU
		{358108B0-75C8-4BB6-B2BB-15F2807C9581}.Debug|Any CPU.Build.0 = Debug|Any CPU
		{358108B0-75C8-4BB6-B2BB-15F2807C9581}.Release|Any CPU.ActiveCfg = Release|Any CPU
		{358108B0-75C8-4BB6-B2BB-15F2807C9581}.Release|Any CPU.Build.0 = Release|Any CPU
		{481C2424-B5E5-4690-BD55-75730194FEA6}.Debug|Any CPU.ActiveCfg = Debug|Any CPU
		{481C2424-B5E5-4690-BD55-75730194FEA6}.Debug|Any CPU.Build.0 = Debug|Any CPU
		{481C2424-B5E5-4690-BD55-75730194FEA6}.Release|Any CPU.ActiveCfg = Release|Any CPU
		{481C2424-B5E5-4690-BD55-75730194FEA6}.Release|Any CPU.Build.0 = Release|Any CPU
		{096EDF2E-BF28-4F19-879E-BFEF5D8601D9}.Debug|Any CPU.ActiveCfg = Debug|Any CPU
		{096EDF2E-BF28-4F19-879E-BFEF5D8601D9}.Debug|Any CPU.Build.0 = Debug|Any CPU
		{096EDF2E-BF28-4F19-879E-BFEF5D8601D9}.Release|Any CPU.ActiveCfg = Release|Any CPU
		{096EDF2E-BF28-4F19-879E-BFEF5D8601D9}.Release|Any CPU.Build.0 = Release|Any CPU
		{4C250299-1972-4F16-8C93-525F65719EEE}.Debug|Any CPU.ActiveCfg = Debug|Any CPU
		{4C250299-1972-4F16-8C93-525F65719EEE}.Debug|Any CPU.Build.0 = Debug|Any CPU
		{4C250299-1972-4F16-8C93-525F65719EEE}.Release|Any CPU.ActiveCfg = Release|Any CPU
		{4C250299-1972-4F16-8C93-525F65719EEE}.Release|Any CPU.Build.0 = Release|Any CPU
		{C8FD910F-B44C-457B-B02A-F612FC577A8F}.Debug|Any CPU.ActiveCfg = Debug|Any CPU
		{C8FD910F-B44C-457B-B02A-F612FC577A8F}.Debug|Any CPU.Build.0 = Debug|Any CPU
		{C8FD910F-B44C-457B-B02A-F612FC577A8F}.Release|Any CPU.ActiveCfg = Release|Any CPU
		{C8FD910F-B44C-457B-B02A-F612FC577A8F}.Release|Any CPU.Build.0 = Release|Any CPU
		{29ECCDC0-6980-400D-8F4E-EB2EC408C2C1}.Debug|Any CPU.ActiveCfg = Debug|Any CPU
		{29ECCDC0-6980-400D-8F4E-EB2EC408C2C1}.Debug|Any CPU.Build.0 = Debug|Any CPU
		{29ECCDC0-6980-400D-8F4E-EB2EC408C2C1}.Release|Any CPU.ActiveCfg = Release|Any CPU
		{29ECCDC0-6980-400D-8F4E-EB2EC408C2C1}.Release|Any CPU.Build.0 = Release|Any CPU
		{7C262C48-BF70-4900-92D8-112DEC285478}.Debug|Any CPU.ActiveCfg = Debug|Any CPU
		{7C262C48-BF70-4900-92D8-112DEC285478}.Debug|Any CPU.Build.0 = Debug|Any CPU
		{7C262C48-BF70-4900-92D8-112DEC285478}.Release|Any CPU.ActiveCfg = Release|Any CPU
		{7C262C48-BF70-4900-92D8-112DEC285478}.Release|Any CPU.Build.0 = Release|Any CPU
		{B20699AD-2FA1-4A80-BE61-BBAC66D13781}.Debug|Any CPU.ActiveCfg = Debug|Any CPU
		{B20699AD-2FA1-4A80-BE61-BBAC66D13781}.Debug|Any CPU.Build.0 = Debug|Any CPU
		{B20699AD-2FA1-4A80-BE61-BBAC66D13781}.Release|Any CPU.ActiveCfg = Release|Any CPU
		{B20699AD-2FA1-4A80-BE61-BBAC66D13781}.Release|Any CPU.Build.0 = Release|Any CPU
		{AD81EC5A-1671-4816-800A-D3ADB53AB918}.Debug|Any CPU.ActiveCfg = Debug|Any CPU
		{AD81EC5A-1671-4816-800A-D3ADB53AB918}.Debug|Any CPU.Build.0 = Debug|Any CPU
		{AD81EC5A-1671-4816-800A-D3ADB53AB918}.Release|Any CPU.ActiveCfg = Release|Any CPU
		{AD81EC5A-1671-4816-800A-D3ADB53AB918}.Release|Any CPU.Build.0 = Release|Any CPU
		{C0C5C2EB-BD29-419C-B670-C40A6D12A09F}.Debug|Any CPU.ActiveCfg = Debug|Any CPU
		{C0C5C2EB-BD29-419C-B670-C40A6D12A09F}.Debug|Any CPU.Build.0 = Debug|Any CPU
		{C0C5C2EB-BD29-419C-B670-C40A6D12A09F}.Release|Any CPU.ActiveCfg = Release|Any CPU
		{C0C5C2EB-BD29-419C-B670-C40A6D12A09F}.Release|Any CPU.Build.0 = Release|Any CPU
		{7CEA7C89-AA05-4FA9-83E7-E376207A3636}.Debug|Any CPU.ActiveCfg = Debug|Any CPU
		{7CEA7C89-AA05-4FA9-83E7-E376207A3636}.Debug|Any CPU.Build.0 = Debug|Any CPU
		{7CEA7C89-AA05-4FA9-83E7-E376207A3636}.Release|Any CPU.ActiveCfg = Release|Any CPU
		{7CEA7C89-AA05-4FA9-83E7-E376207A3636}.Release|Any CPU.Build.0 = Release|Any CPU
		{F7D0BD08-8220-49CF-8617-ECB94135BC80}.Debug|Any CPU.ActiveCfg = Debug|Any CPU
		{F7D0BD08-8220-49CF-8617-ECB94135BC80}.Debug|Any CPU.Build.0 = Debug|Any CPU
		{F7D0BD08-8220-49CF-8617-ECB94135BC80}.Release|Any CPU.ActiveCfg = Release|Any CPU
		{F7D0BD08-8220-49CF-8617-ECB94135BC80}.Release|Any CPU.Build.0 = Release|Any CPU
		{8F90BBF2-754D-473D-8337-0A005532D75A}.Debug|Any CPU.ActiveCfg = Debug|Any CPU
		{8F90BBF2-754D-473D-8337-0A005532D75A}.Debug|Any CPU.Build.0 = Debug|Any CPU
		{8F90BBF2-754D-473D-8337-0A005532D75A}.Release|Any CPU.ActiveCfg = Release|Any CPU
		{8F90BBF2-754D-473D-8337-0A005532D75A}.Release|Any CPU.Build.0 = Release|Any CPU
		{05D896E3-5E77-4B57-B901-F75221902303}.Debug|Any CPU.ActiveCfg = Debug|Any CPU
		{05D896E3-5E77-4B57-B901-F75221902303}.Debug|Any CPU.Build.0 = Debug|Any CPU
		{05D896E3-5E77-4B57-B901-F75221902303}.Release|Any CPU.ActiveCfg = Release|Any CPU
		{05D896E3-5E77-4B57-B901-F75221902303}.Release|Any CPU.Build.0 = Release|Any CPU
		{C79F72F7-DAD6-442F-AD6C-3C1CEE83F567}.Debug|Any CPU.ActiveCfg = Debug|Any CPU
		{C79F72F7-DAD6-442F-AD6C-3C1CEE83F567}.Debug|Any CPU.Build.0 = Debug|Any CPU
		{C79F72F7-DAD6-442F-AD6C-3C1CEE83F567}.Release|Any CPU.ActiveCfg = Release|Any CPU
		{C79F72F7-DAD6-442F-AD6C-3C1CEE83F567}.Release|Any CPU.Build.0 = Release|Any CPU
		{C21A855D-FC8A-4CD3-92D5-0C3E668A7548}.Debug|Any CPU.ActiveCfg = Debug|Any CPU
		{C21A855D-FC8A-4CD3-92D5-0C3E668A7548}.Debug|Any CPU.Build.0 = Debug|Any CPU
		{C21A855D-FC8A-4CD3-92D5-0C3E668A7548}.Release|Any CPU.ActiveCfg = Release|Any CPU
		{C21A855D-FC8A-4CD3-92D5-0C3E668A7548}.Release|Any CPU.Build.0 = Release|Any CPU
		{8B560A01-B02F-41B9-AE8D-9EF3F895F76C}.Debug|Any CPU.ActiveCfg = Debug|Any CPU
		{8B560A01-B02F-41B9-AE8D-9EF3F895F76C}.Debug|Any CPU.Build.0 = Debug|Any CPU
		{8B560A01-B02F-41B9-AE8D-9EF3F895F76C}.Release|Any CPU.ActiveCfg = Release|Any CPU
		{8B560A01-B02F-41B9-AE8D-9EF3F895F76C}.Release|Any CPU.Build.0 = Release|Any CPU
		{80EC9434-F86B-4023-8B33-EE8A5E22700B}.Debug|Any CPU.ActiveCfg = Debug|Any CPU
		{80EC9434-F86B-4023-8B33-EE8A5E22700B}.Debug|Any CPU.Build.0 = Debug|Any CPU
		{80EC9434-F86B-4023-8B33-EE8A5E22700B}.Release|Any CPU.ActiveCfg = Release|Any CPU
		{80EC9434-F86B-4023-8B33-EE8A5E22700B}.Release|Any CPU.Build.0 = Release|Any CPU
		{2870810D-3CE7-4148-9B53-B30444AE8534}.Debug|Any CPU.ActiveCfg = Debug|Any CPU
		{2870810D-3CE7-4148-9B53-B30444AE8534}.Debug|Any CPU.Build.0 = Debug|Any CPU
		{2870810D-3CE7-4148-9B53-B30444AE8534}.Release|Any CPU.ActiveCfg = Release|Any CPU
		{2870810D-3CE7-4148-9B53-B30444AE8534}.Release|Any CPU.Build.0 = Release|Any CPU
		{036632F4-4DB1-4ECB-9ED8-9C04C541E618}.Debug|Any CPU.ActiveCfg = Debug|Any CPU
		{036632F4-4DB1-4ECB-9ED8-9C04C541E618}.Debug|Any CPU.Build.0 = Debug|Any CPU
		{036632F4-4DB1-4ECB-9ED8-9C04C541E618}.Release|Any CPU.ActiveCfg = Release|Any CPU
		{036632F4-4DB1-4ECB-9ED8-9C04C541E618}.Release|Any CPU.Build.0 = Release|Any CPU
		{246B7449-276E-4840-8F0D-4CBFC1994415}.Debug|Any CPU.ActiveCfg = Debug|Any CPU
		{246B7449-276E-4840-8F0D-4CBFC1994415}.Debug|Any CPU.Build.0 = Debug|Any CPU
		{246B7449-276E-4840-8F0D-4CBFC1994415}.Release|Any CPU.ActiveCfg = Release|Any CPU
		{246B7449-276E-4840-8F0D-4CBFC1994415}.Release|Any CPU.Build.0 = Release|Any CPU
		{73D94C62-A9EB-4FE9-A1EE-52A69435CE95}.Debug|Any CPU.ActiveCfg = Debug|Any CPU
		{73D94C62-A9EB-4FE9-A1EE-52A69435CE95}.Debug|Any CPU.Build.0 = Debug|Any CPU
		{73D94C62-A9EB-4FE9-A1EE-52A69435CE95}.Release|Any CPU.ActiveCfg = Release|Any CPU
		{73D94C62-A9EB-4FE9-A1EE-52A69435CE95}.Release|Any CPU.Build.0 = Release|Any CPU
		{5CBB5541-FC08-43E5-95F5-C39D56E63986}.Debug|Any CPU.ActiveCfg = Debug|Any CPU
		{5CBB5541-FC08-43E5-95F5-C39D56E63986}.Debug|Any CPU.Build.0 = Debug|Any CPU
		{5CBB5541-FC08-43E5-95F5-C39D56E63986}.Release|Any CPU.ActiveCfg = Release|Any CPU
		{5CBB5541-FC08-43E5-95F5-C39D56E63986}.Release|Any CPU.Build.0 = Release|Any CPU
		{08E9E871-50EE-4277-A90B-0C891F766533}.Debug|Any CPU.ActiveCfg = Debug|Any CPU
		{08E9E871-50EE-4277-A90B-0C891F766533}.Debug|Any CPU.Build.0 = Debug|Any CPU
		{08E9E871-50EE-4277-A90B-0C891F766533}.Release|Any CPU.ActiveCfg = Release|Any CPU
		{08E9E871-50EE-4277-A90B-0C891F766533}.Release|Any CPU.Build.0 = Release|Any CPU
		{4826B9F7-3DAA-481C-8415-3E5820896E52}.Debug|Any CPU.ActiveCfg = Debug|Any CPU
		{4826B9F7-3DAA-481C-8415-3E5820896E52}.Debug|Any CPU.Build.0 = Debug|Any CPU
		{4826B9F7-3DAA-481C-8415-3E5820896E52}.Release|Any CPU.ActiveCfg = Release|Any CPU
		{4826B9F7-3DAA-481C-8415-3E5820896E52}.Release|Any CPU.Build.0 = Release|Any CPU
		{C7C4A1CD-C0AD-4226-B61C-AC54B6E88256}.Debug|Any CPU.ActiveCfg = Debug|Any CPU
		{C7C4A1CD-C0AD-4226-B61C-AC54B6E88256}.Debug|Any CPU.Build.0 = Debug|Any CPU
		{C7C4A1CD-C0AD-4226-B61C-AC54B6E88256}.Release|Any CPU.ActiveCfg = Release|Any CPU
		{C7C4A1CD-C0AD-4226-B61C-AC54B6E88256}.Release|Any CPU.Build.0 = Release|Any CPU
		{A547854F-E16D-4CB0-A4A7-EC15F28DCF98}.Debug|Any CPU.ActiveCfg = Debug|Any CPU
		{A547854F-E16D-4CB0-A4A7-EC15F28DCF98}.Debug|Any CPU.Build.0 = Debug|Any CPU
		{A547854F-E16D-4CB0-A4A7-EC15F28DCF98}.Release|Any CPU.ActiveCfg = Release|Any CPU
		{A547854F-E16D-4CB0-A4A7-EC15F28DCF98}.Release|Any CPU.Build.0 = Release|Any CPU
		{6B70C986-9127-4E1D-9A3F-A3D42B3CE9BA}.Debug|Any CPU.ActiveCfg = Debug|Any CPU
		{6B70C986-9127-4E1D-9A3F-A3D42B3CE9BA}.Debug|Any CPU.Build.0 = Debug|Any CPU
		{6B70C986-9127-4E1D-9A3F-A3D42B3CE9BA}.Release|Any CPU.ActiveCfg = Release|Any CPU
		{6B70C986-9127-4E1D-9A3F-A3D42B3CE9BA}.Release|Any CPU.Build.0 = Release|Any CPU
		{FD5B6EB3-CDE0-4E95-B570-7A224BB99DB5}.Debug|Any CPU.ActiveCfg = Debug|Any CPU
		{FD5B6EB3-CDE0-4E95-B570-7A224BB99DB5}.Debug|Any CPU.Build.0 = Debug|Any CPU
		{FD5B6EB3-CDE0-4E95-B570-7A224BB99DB5}.Release|Any CPU.ActiveCfg = Release|Any CPU
		{FD5B6EB3-CDE0-4E95-B570-7A224BB99DB5}.Release|Any CPU.Build.0 = Release|Any CPU
		{BAD50371-38CD-4E30-8127-F943CF69BCEC}.Debug|Any CPU.ActiveCfg = Debug|Any CPU
		{BAD50371-38CD-4E30-8127-F943CF69BCEC}.Debug|Any CPU.Build.0 = Debug|Any CPU
		{BAD50371-38CD-4E30-8127-F943CF69BCEC}.Release|Any CPU.ActiveCfg = Release|Any CPU
		{BAD50371-38CD-4E30-8127-F943CF69BCEC}.Release|Any CPU.Build.0 = Release|Any CPU
	EndGlobalSection
	GlobalSection(SolutionProperties) = preSolution
		HideSolutionNode = FALSE
	EndGlobalSection
	GlobalSection(ExtensibilityGlobals) = postSolution
		SolutionGuid = {9D02B3CC-DD16-4C05-9034-547A35496291}
	EndGlobalSection
EndGlobal
